// !$*UTF8*$!
{
	archiveVersion = 1;
	classes = {
	};
	objectVersion = 55;
	objects = {

/* Begin PBXBuildFile section */
		2F51286B28AD6A4900BFD4A2 /* AppDelegate.swift in Sources */ = {isa = PBXBuildFile; fileRef = 2F51286A28AD6A4900BFD4A2 /* AppDelegate.swift */; };
		2F51286D28AD6A4900BFD4A2 /* SceneDelegate.swift in Sources */ = {isa = PBXBuildFile; fileRef = 2F51286C28AD6A4900BFD4A2 /* SceneDelegate.swift */; };
		2F51287228AD6A4A00BFD4A2 /* Main.storyboard in Resources */ = {isa = PBXBuildFile; fileRef = 2F51287028AD6A4A00BFD4A2 /* Main.storyboard */; };
		2F51287428AD6A4C00BFD4A2 /* Assets.xcassets in Resources */ = {isa = PBXBuildFile; fileRef = 2F51287328AD6A4C00BFD4A2 /* Assets.xcassets */; };
		2F51287728AD6A4C00BFD4A2 /* LaunchScreen.storyboard in Resources */ = {isa = PBXBuildFile; fileRef = 2F51287528AD6A4C00BFD4A2 /* LaunchScreen.storyboard */; };
		2F51287F28AD6A5F00BFD4A2 /* CardListViewController.swift in Sources */ = {isa = PBXBuildFile; fileRef = 2F51287E28AD6A5F00BFD4A2 /* CardListViewController.swift */; };
		2F51288128AD6BDE00BFD4A2 /* CreditCard.swift in Sources */ = {isa = PBXBuildFile; fileRef = 2F51288028AD6BDE00BFD4A2 /* CreditCard.swift */; };
		2F51288428AD719C00BFD4A2 /* CardListCell.swift in Sources */ = {isa = PBXBuildFile; fileRef = 2F51288228AD719C00BFD4A2 /* CardListCell.swift */; };
		2F51288528AD719C00BFD4A2 /* CardListCell.xib in Resources */ = {isa = PBXBuildFile; fileRef = 2F51288328AD719C00BFD4A2 /* CardListCell.xib */; };
		2FACEB7028AE3EDB009C2D0E /* GoogleService-Info.plist in Resources */ = {isa = PBXBuildFile; fileRef = 2FACEB6F28AE3EDB009C2D0E /* GoogleService-Info.plist */; };
		2FFDB61B28ADED3E006D2813 /* CardDataViewController.swift in Sources */ = {isa = PBXBuildFile; fileRef = 2FFDB61A28ADED3E006D2813 /* CardDataViewController.swift */; };
		2FFDB61D28ADFAE0006D2813 /* money.json in Resources */ = {isa = PBXBuildFile; fileRef = 2FFDB61C28ADFAE0006D2813 /* money.json */; };
		7E7BD73463B19BAA644BE217 /* Pods_CreditCardList.framework in Frameworks */ = {isa = PBXBuildFile; fileRef = EB09AEA90D52EF24550132DE /* Pods_CreditCardList.framework */; };
/* End PBXBuildFile section */

/* Begin PBXFileReference section */
		2F51286728AD6A4900BFD4A2 /* CreditCardList.app */ = {isa = PBXFileReference; explicitFileType = wrapper.application; includeInIndex = 0; path = CreditCardList.app; sourceTree = BUILT_PRODUCTS_DIR; };
		2F51286A28AD6A4900BFD4A2 /* AppDelegate.swift */ = {isa = PBXFileReference; lastKnownFileType = sourcecode.swift; path = AppDelegate.swift; sourceTree = "<group>"; };
		2F51286C28AD6A4900BFD4A2 /* SceneDelegate.swift */ = {isa = PBXFileReference; lastKnownFileType = sourcecode.swift; path = SceneDelegate.swift; sourceTree = "<group>"; };
		2F51287128AD6A4A00BFD4A2 /* Base */ = {isa = PBXFileReference; lastKnownFileType = file.storyboard; name = Base; path = Base.lproj/Main.storyboard; sourceTree = "<group>"; };
		2F51287328AD6A4C00BFD4A2 /* Assets.xcassets */ = {isa = PBXFileReference; lastKnownFileType = folder.assetcatalog; path = Assets.xcassets; sourceTree = "<group>"; };
		2F51287628AD6A4C00BFD4A2 /* Base */ = {isa = PBXFileReference; lastKnownFileType = file.storyboard; name = Base; path = Base.lproj/LaunchScreen.storyboard; sourceTree = "<group>"; };
		2F51287828AD6A4C00BFD4A2 /* Info.plist */ = {isa = PBXFileReference; lastKnownFileType = text.plist.xml; path = Info.plist; sourceTree = "<group>"; };
		2F51287E28AD6A5F00BFD4A2 /* CardListViewController.swift */ = {isa = PBXFileReference; lastKnownFileType = sourcecode.swift; path = CardListViewController.swift; sourceTree = "<group>"; };
		2F51288028AD6BDE00BFD4A2 /* CreditCard.swift */ = {isa = PBXFileReference; lastKnownFileType = sourcecode.swift; path = CreditCard.swift; sourceTree = "<group>"; };
		2F51288228AD719C00BFD4A2 /* CardListCell.swift */ = {isa = PBXFileReference; lastKnownFileType = sourcecode.swift; path = CardListCell.swift; sourceTree = "<group>"; };
		2F51288328AD719C00BFD4A2 /* CardListCell.xib */ = {isa = PBXFileReference; lastKnownFileType = file.xib; path = CardListCell.xib; sourceTree = "<group>"; };
		2FACEB6F28AE3EDB009C2D0E /* GoogleService-Info.plist */ = {isa = PBXFileReference; fileEncoding = 4; lastKnownFileType = text.plist.xml; name = "GoogleService-Info.plist"; path = "../../../../Downloads/GoogleService-Info.plist"; sourceTree = "<group>"; };
		2FFDB61A28ADED3E006D2813 /* CardDataViewController.swift */ = {isa = PBXFileReference; lastKnownFileType = sourcecode.swift; path = CardDataViewController.swift; sourceTree = "<group>"; };
		2FFDB61C28ADFAE0006D2813 /* money.json */ = {isa = PBXFileReference; fileEncoding = 4; lastKnownFileType = text.json; name = money.json; path = "../../../../Downloads/Part 3/Ch2_CreditCardList/money.json"; sourceTree = "<group>"; };
		D561DAF7F30C69A9914DAFA4 /* Pods-CreditCardList.debug.xcconfig */ = {isa = PBXFileReference; includeInIndex = 1; lastKnownFileType = text.xcconfig; name = "Pods-CreditCardList.debug.xcconfig"; path = "Target Support Files/Pods-CreditCardList/Pods-CreditCardList.debug.xcconfig"; sourceTree = "<group>"; };
		EB09AEA90D52EF24550132DE /* Pods_CreditCardList.framework */ = {isa = PBXFileReference; explicitFileType = wrapper.framework; includeInIndex = 0; path = Pods_CreditCardList.framework; sourceTree = BUILT_PRODUCTS_DIR; };
		FDB576EA91E16B29F253705C /* Pods-CreditCardList.release.xcconfig */ = {isa = PBXFileReference; includeInIndex = 1; lastKnownFileType = text.xcconfig; name = "Pods-CreditCardList.release.xcconfig"; path = "Target Support Files/Pods-CreditCardList/Pods-CreditCardList.release.xcconfig"; sourceTree = "<group>"; };
/* End PBXFileReference section */

/* Begin PBXFrameworksBuildPhase section */
		2F51286428AD6A4900BFD4A2 /* Frameworks */ = {
			isa = PBXFrameworksBuildPhase;
			buildActionMask = 2147483647;
			files = (
				7E7BD73463B19BAA644BE217 /* Pods_CreditCardList.framework in Frameworks */,
			);
			runOnlyForDeploymentPostprocessing = 0;
		};
/* End PBXFrameworksBuildPhase section */

/* Begin PBXGroup section */
		2F51285E28AD6A4900BFD4A2 = {
			isa = PBXGroup;
			children = (
				2F51286928AD6A4900BFD4A2 /* CreditCardList */,
				2F51286828AD6A4900BFD4A2 /* Products */,
				935E38605700B4FDE4423B75 /* Pods */,
				BCC551A221EAF8906F09FEC8 /* Frameworks */,
			);
			sourceTree = "<group>";
		};
		2F51286828AD6A4900BFD4A2 /* Products */ = {
			isa = PBXGroup;
			children = (
				2F51286728AD6A4900BFD4A2 /* CreditCardList.app */,
			);
			name = Products;
			sourceTree = "<group>";
		};
		2F51286928AD6A4900BFD4A2 /* CreditCardList */ = {
			isa = PBXGroup;
			children = (
				2FFDB61C28ADFAE0006D2813 /* money.json */,
				2F51286A28AD6A4900BFD4A2 /* AppDelegate.swift */,
				2F51286C28AD6A4900BFD4A2 /* SceneDelegate.swift */,
				2F51287028AD6A4A00BFD4A2 /* Main.storyboard */,
				2F51288028AD6BDE00BFD4A2 /* CreditCard.swift */,
				2F51288228AD719C00BFD4A2 /* CardListCell.swift */,
				2F51288328AD719C00BFD4A2 /* CardListCell.xib */,
				2F51287E28AD6A5F00BFD4A2 /* CardListViewController.swift */,
				2FFDB61A28ADED3E006D2813 /* CardDataViewController.swift */,
				2F51287328AD6A4C00BFD4A2 /* Assets.xcassets */,
				2F51287528AD6A4C00BFD4A2 /* LaunchScreen.storyboard */,
				2F51287828AD6A4C00BFD4A2 /* Info.plist */,
				2FACEB6F28AE3EDB009C2D0E /* GoogleService-Info.plist */,
			);
			path = CreditCardList;
			sourceTree = "<group>";
		};
		935E38605700B4FDE4423B75 /* Pods */ = {
			isa = PBXGroup;
			children = (
				D561DAF7F30C69A9914DAFA4 /* Pods-CreditCardList.debug.xcconfig */,
				FDB576EA91E16B29F253705C /* Pods-CreditCardList.release.xcconfig */,
			);
			path = Pods;
			sourceTree = "<group>";
		};
		BCC551A221EAF8906F09FEC8 /* Frameworks */ = {
			isa = PBXGroup;
			children = (
				EB09AEA90D52EF24550132DE /* Pods_CreditCardList.framework */,
			);
			name = Frameworks;
			sourceTree = "<group>";
		};
/* End PBXGroup section */

/* Begin PBXNativeTarget section */
		2F51286628AD6A4900BFD4A2 /* CreditCardList */ = {
			isa = PBXNativeTarget;
			buildConfigurationList = 2F51287B28AD6A4C00BFD4A2 /* Build configuration list for PBXNativeTarget "CreditCardList" */;
			buildPhases = (
				A4F6F31FB919E9E9679511CA /* [CP] Check Pods Manifest.lock */,
				2F51286328AD6A4900BFD4A2 /* Sources */,
				2F51286428AD6A4900BFD4A2 /* Frameworks */,
				2F51286528AD6A4900BFD4A2 /* Resources */,
				FADF781240A3AD21563B2063 /* [CP] Embed Pods Frameworks */,
			);
			buildRules = (
			);
			dependencies = (
			);
			name = CreditCardList;
			productName = CreditCardList;
			productReference = 2F51286728AD6A4900BFD4A2 /* CreditCardList.app */;
			productType = "com.apple.product-type.application";
		};
/* End PBXNativeTarget section */

/* Begin PBXProject section */
		2F51285F28AD6A4900BFD4A2 /* Project object */ = {
			isa = PBXProject;
			attributes = {
				BuildIndependentTargetsInParallel = 1;
				LastSwiftUpdateCheck = 1330;
				LastUpgradeCheck = 1330;
				TargetAttributes = {
					2F51286628AD6A4900BFD4A2 = {
						CreatedOnToolsVersion = 13.3.1;
					};
				};
			};
			buildConfigurationList = 2F51286228AD6A4900BFD4A2 /* Build configuration list for PBXProject "CreditCardList" */;
			compatibilityVersion = "Xcode 13.0";
			developmentRegion = en;
			hasScannedForEncodings = 0;
			knownRegions = (
				en,
				Base,
			);
			mainGroup = 2F51285E28AD6A4900BFD4A2;
			productRefGroup = 2F51286828AD6A4900BFD4A2 /* Products */;
			projectDirPath = "";
			projectRoot = "";
			targets = (
				2F51286628AD6A4900BFD4A2 /* CreditCardList */,
			);
		};
/* End PBXProject section */

/* Begin PBXResourcesBuildPhase section */
		2F51286528AD6A4900BFD4A2 /* Resources */ = {
			isa = PBXResourcesBuildPhase;
			buildActionMask = 2147483647;
			files = (
				2F51287728AD6A4C00BFD4A2 /* LaunchScreen.storyboard in Resources */,
				2F51287428AD6A4C00BFD4A2 /* Assets.xcassets in Resources */,
				2FFDB61D28ADFAE0006D2813 /* money.json in Resources */,
				2F51287228AD6A4A00BFD4A2 /* Main.storyboard in Resources */,
				2F51288528AD719C00BFD4A2 /* CardListCell.xib in Resources */,
				2FACEB7028AE3EDB009C2D0E /* GoogleService-Info.plist in Resources */,
			);
			runOnlyForDeploymentPostprocessing = 0;
		};
/* End PBXResourcesBuildPhase section */

/* Begin PBXShellScriptBuildPhase section */
		A4F6F31FB919E9E9679511CA /* [CP] Check Pods Manifest.lock */ = {
			isa = PBXShellScriptBuildPhase;
			buildActionMask = 2147483647;
			files = (
			);
			inputFileListPaths = (
			);
			inputPaths = (
				"${PODS_PODFILE_DIR_PATH}/Podfile.lock",
				"${PODS_ROOT}/Manifest.lock",
			);
			name = "[CP] Check Pods Manifest.lock";
			outputFileListPaths = (
			);
			outputPaths = (
				"$(DERIVED_FILE_DIR)/Pods-CreditCardList-checkManifestLockResult.txt",
			);
			runOnlyForDeploymentPostprocessing = 0;
			shellPath = /bin/sh;
			shellScript = "diff \"${PODS_PODFILE_DIR_PATH}/Podfile.lock\" \"${PODS_ROOT}/Manifest.lock\" > /dev/null\nif [ $? != 0 ] ; then\n    # print error to STDERR\n    echo \"error: The sandbox is not in sync with the Podfile.lock. Run 'pod install' or update your CocoaPods installation.\" >&2\n    exit 1\nfi\n# This output is used by Xcode 'outputs' to avoid re-running this script phase.\necho \"SUCCESS\" > \"${SCRIPT_OUTPUT_FILE_0}\"\n";
			showEnvVarsInLog = 0;
		};
		FADF781240A3AD21563B2063 /* [CP] Embed Pods Frameworks */ = {
			isa = PBXShellScriptBuildPhase;
			buildActionMask = 2147483647;
			files = (
			);
			inputFileListPaths = (
				"${PODS_ROOT}/Target Support Files/Pods-CreditCardList/Pods-CreditCardList-frameworks-${CONFIGURATION}-input-files.xcfilelist",
			);
			name = "[CP] Embed Pods Frameworks";
			outputFileListPaths = (
				"${PODS_ROOT}/Target Support Files/Pods-CreditCardList/Pods-CreditCardList-frameworks-${CONFIGURATION}-output-files.xcfilelist",
			);
			runOnlyForDeploymentPostprocessing = 0;
			shellPath = /bin/sh;
			shellScript = "\"${PODS_ROOT}/Target Support Files/Pods-CreditCardList/Pods-CreditCardList-frameworks.sh\"\n";
			showEnvVarsInLog = 0;
		};
/* End PBXShellScriptBuildPhase section */

/* Begin PBXSourcesBuildPhase section */
		2F51286328AD6A4900BFD4A2 /* Sources */ = {
			isa = PBXSourcesBuildPhase;
			buildActionMask = 2147483647;
			files = (
				2F51288128AD6BDE00BFD4A2 /* CreditCard.swift in Sources */,
				2F51288428AD719C00BFD4A2 /* CardListCell.swift in Sources */,
				2F51287F28AD6A5F00BFD4A2 /* CardListViewController.swift in Sources */,
				2F51286B28AD6A4900BFD4A2 /* AppDelegate.swift in Sources */,
				2FFDB61B28ADED3E006D2813 /* CardDataViewController.swift in Sources */,
				2F51286D28AD6A4900BFD4A2 /* SceneDelegate.swift in Sources */,
			);
			runOnlyForDeploymentPostprocessing = 0;
		};
/* End PBXSourcesBuildPhase section */

/* Begin PBXVariantGroup section */
		2F51287028AD6A4A00BFD4A2 /* Main.storyboard */ = {
			isa = PBXVariantGroup;
			children = (
				2F51287128AD6A4A00BFD4A2 /* Base */,
			);
			name = Main.storyboard;
			sourceTree = "<group>";
		};
		2F51287528AD6A4C00BFD4A2 /* LaunchScreen.storyboard */ = {
			isa = PBXVariantGroup;
			children = (
				2F51287628AD6A4C00BFD4A2 /* Base */,
			);
			name = LaunchScreen.storyboard;
			sourceTree = "<group>";
		};
/* End PBXVariantGroup section */

/* Begin XCBuildConfiguration section */
		2F51287928AD6A4C00BFD4A2 /* Debug */ = {
			isa = XCBuildConfiguration;
			buildSettings = {
				ALWAYS_SEARCH_USER_PATHS = NO;
				CLANG_ANALYZER_NONNULL = YES;
				CLANG_ANALYZER_NUMBER_OBJECT_CONVERSION = YES_AGGRESSIVE;
				CLANG_CXX_LANGUAGE_STANDARD = "gnu++17";
				CLANG_ENABLE_MODULES = YES;
				CLANG_ENABLE_OBJC_ARC = YES;
				CLANG_ENABLE_OBJC_WEAK = YES;
				CLANG_WARN_BLOCK_CAPTURE_AUTORELEASING = YES;
				CLANG_WARN_BOOL_CONVERSION = YES;
				CLANG_WARN_COMMA = YES;
				CLANG_WARN_CONSTANT_CONVERSION = YES;
				CLANG_WARN_DEPRECATED_OBJC_IMPLEMENTATIONS = YES;
				CLANG_WARN_DIRECT_OBJC_ISA_USAGE = YES_ERROR;
				CLANG_WARN_DOCUMENTATION_COMMENTS = YES;
				CLANG_WARN_EMPTY_BODY = YES;
				CLANG_WARN_ENUM_CONVERSION = YES;
				CLANG_WARN_INFINITE_RECURSION = YES;
				CLANG_WARN_INT_CONVERSION = YES;
				CLANG_WARN_NON_LITERAL_NULL_CONVERSION = YES;
				CLANG_WARN_OBJC_IMPLICIT_RETAIN_SELF = YES;
				CLANG_WARN_OBJC_LITERAL_CONVERSION = YES;
				CLANG_WARN_OBJC_ROOT_CLASS = YES_ERROR;
				CLANG_WARN_QUOTED_INCLUDE_IN_FRAMEWORK_HEADER = YES;
				CLANG_WARN_RANGE_LOOP_ANALYSIS = YES;
				CLANG_WARN_STRICT_PROTOTYPES = YES;
				CLANG_WARN_SUSPICIOUS_MOVE = YES;
				CLANG_WARN_UNGUARDED_AVAILABILITY = YES_AGGRESSIVE;
				CLANG_WARN_UNREACHABLE_CODE = YES;
				CLANG_WARN__DUPLICATE_METHOD_MATCH = YES;
				COPY_PHASE_STRIP = NO;
				DEBUG_INFORMATION_FORMAT = dwarf;
				ENABLE_STRICT_OBJC_MSGSEND = YES;
				ENABLE_TESTABILITY = YES;
				GCC_C_LANGUAGE_STANDARD = gnu11;
				GCC_DYNAMIC_NO_PIC = NO;
				GCC_NO_COMMON_BLOCKS = YES;
				GCC_OPTIMIZATION_LEVEL = 0;
				GCC_PREPROCESSOR_DEFINITIONS = (
					"DEBUG=1",
					"$(inherited)",
				);
				GCC_WARN_64_TO_32_BIT_CONVERSION = YES;
				GCC_WARN_ABOUT_RETURN_TYPE = YES_ERROR;
				GCC_WARN_UNDECLARED_SELECTOR = YES;
				GCC_WARN_UNINITIALIZED_AUTOS = YES_AGGRESSIVE;
				GCC_WARN_UNUSED_FUNCTION = YES;
				GCC_WARN_UNUSED_VARIABLE = YES;
				IPHONEOS_DEPLOYMENT_TARGET = 15.4;
				MTL_ENABLE_DEBUG_INFO = INCLUDE_SOURCE;
				MTL_FAST_MATH = YES;
				ONLY_ACTIVE_ARCH = YES;
				SDKROOT = iphoneos;
				SWIFT_ACTIVE_COMPILATION_CONDITIONS = DEBUG;
				SWIFT_OPTIMIZATION_LEVEL = "-Onone";
			};
			name = Debug;
		};
		2F51287A28AD6A4C00BFD4A2 /* Release */ = {
			isa = XCBuildConfiguration;
			buildSettings = {
				ALWAYS_SEARCH_USER_PATHS = NO;
				CLANG_ANALYZER_NONNULL = YES;
				CLANG_ANALYZER_NUMBER_OBJECT_CONVERSION = YES_AGGRESSIVE;
				CLANG_CXX_LANGUAGE_STANDARD = "gnu++17";
				CLANG_ENABLE_MODULES = YES;
				CLANG_ENABLE_OBJC_ARC = YES;
				CLANG_ENABLE_OBJC_WEAK = YES;
				CLANG_WARN_BLOCK_CAPTURE_AUTORELEASING = YES;
				CLANG_WARN_BOOL_CONVERSION = YES;
				CLANG_WARN_COMMA = YES;
				CLANG_WARN_CONSTANT_CONVERSION = YES;
				CLANG_WARN_DEPRECATED_OBJC_IMPLEMENTATIONS = YES;
				CLANG_WARN_DIRECT_OBJC_ISA_USAGE = YES_ERROR;
				CLANG_WARN_DOCUMENTATION_COMMENTS = YES;
				CLANG_WARN_EMPTY_BODY = YES;
				CLANG_WARN_ENUM_CONVERSION = YES;
				CLANG_WARN_INFINITE_RECURSION = YES;
				CLANG_WARN_INT_CONVERSION = YES;
				CLANG_WARN_NON_LITERAL_NULL_CONVERSION = YES;
				CLANG_WARN_OBJC_IMPLICIT_RETAIN_SELF = YES;
				CLANG_WARN_OBJC_LITERAL_CONVERSION = YES;
				CLANG_WARN_OBJC_ROOT_CLASS = YES_ERROR;
				CLANG_WARN_QUOTED_INCLUDE_IN_FRAMEWORK_HEADER = YES;
				CLANG_WARN_RANGE_LOOP_ANALYSIS = YES;
				CLANG_WARN_STRICT_PROTOTYPES = YES;
				CLANG_WARN_SUSPICIOUS_MOVE = YES;
				CLANG_WARN_UNGUARDED_AVAILABILITY = YES_AGGRESSIVE;
				CLANG_WARN_UNREACHABLE_CODE = YES;
				CLANG_WARN__DUPLICATE_METHOD_MATCH = YES;
				COPY_PHASE_STRIP = NO;
				DEBUG_INFORMATION_FORMAT = "dwarf-with-dsym";
				ENABLE_NS_ASSERTIONS = NO;
				ENABLE_STRICT_OBJC_MSGSEND = YES;
				GCC_C_LANGUAGE_STANDARD = gnu11;
				GCC_NO_COMMON_BLOCKS = YES;
				GCC_WARN_64_TO_32_BIT_CONVERSION = YES;
				GCC_WARN_ABOUT_RETURN_TYPE = YES_ERROR;
				GCC_WARN_UNDECLARED_SELECTOR = YES;
				GCC_WARN_UNINITIALIZED_AUTOS = YES_AGGRESSIVE;
				GCC_WARN_UNUSED_FUNCTION = YES;
				GCC_WARN_UNUSED_VARIABLE = YES;
				IPHONEOS_DEPLOYMENT_TARGET = 15.4;
				MTL_ENABLE_DEBUG_INFO = NO;
				MTL_FAST_MATH = YES;
				SDKROOT = iphoneos;
				SWIFT_COMPILATION_MODE = wholemodule;
				SWIFT_OPTIMIZATION_LEVEL = "-O";
				VALIDATE_PRODUCT = YES;
			};
			name = Release;
		};
		2F51287C28AD6A4C00BFD4A2 /* Debug */ = {
			isa = XCBuildConfiguration;
			baseConfigurationReference = D561DAF7F30C69A9914DAFA4 /* Pods-CreditCardList.debug.xcconfig */;
			buildSettings = {
				ASSETCATALOG_COMPILER_APPICON_NAME = AppIcon;
				ASSETCATALOG_COMPILER_GLOBAL_ACCENT_COLOR_NAME = AccentColor;
				CODE_SIGN_STYLE = Automatic;
				CURRENT_PROJECT_VERSION = 1;
				DEVELOPMENT_TEAM = N7LNF63AFJ;
				GENERATE_INFOPLIST_FILE = YES;
				INFOPLIST_FILE = CreditCardList/Info.plist;
				INFOPLIST_KEY_UIApplicationSupportsIndirectInputEvents = YES;
				INFOPLIST_KEY_UILaunchStoryboardName = LaunchScreen;
				INFOPLIST_KEY_UIMainStoryboardFile = Main;
				INFOPLIST_KEY_UISupportedInterfaceOrientations_iPad = "UIInterfaceOrientationPortrait UIInterfaceOrientationPortraitUpsideDown UIInterfaceOrientationLandscapeLeft UIInterfaceOrientationLandscapeRight";
				INFOPLIST_KEY_UISupportedInterfaceOrientations_iPhone = "UIInterfaceOrientationPortrait UIInterfaceOrientationLandscapeLeft UIInterfaceOrientationLandscapeRight";
				LD_RUNPATH_SEARCH_PATHS = (
					"$(inherited)",
					"@executable_path/Frameworks",
				);
				MARKETING_VERSION = 1.0;
				PRODUCT_BUNDLE_IDENTIFIER = min.CreditCardList;
				PRODUCT_NAME = "$(TARGET_NAME)";
				SWIFT_EMIT_LOC_STRINGS = YES;
				SWIFT_VERSION = 5.0;
				TARGETED_DEVICE_FAMILY = "1,2";
			};
			name = Debug;
		};
		2F51287D28AD6A4C00BFD4A2 /* Release */ = {
			isa = XCBuildConfiguration;
			baseConfigurationReference = FDB576EA91E16B29F253705C /* Pods-CreditCardList.release.xcconfig */;
			buildSettings = {
				ASSETCATALOG_COMPILER_APPICON_NAME = AppIcon;
				ASSETCATALOG_COMPILER_GLOBAL_ACCENT_COLOR_NAME = AccentColor;
				CODE_SIGN_STYLE = Automatic;
				CURRENT_PROJECT_VERSION = 1;
				DEVELOPMENT_TEAM = N7LNF63AFJ;
				GENERATE_INFOPLIST_FILE = YES;
				INFOPLIST_FILE = CreditCardList/Info.plist;
				INFOPLIST_KEY_UIApplicationSupportsIndirectInputEvents = YES;
				INFOPLIST_KEY_UILaunchStoryboardName = LaunchScreen;
				INFOPLIST_KEY_UIMainStoryboardFile = Main;
				INFOPLIST_KEY_UISupportedInterfaceOrientations_iPad = "UIInterfaceOrientationPortrait UIInterfaceOrientationPortraitUpsideDown UIInterfaceOrientationLandscapeLeft UIInterfaceOrientationLandscapeRight";
				INFOPLIST_KEY_UISupportedInterfaceOrientations_iPhone = "UIInterfaceOrientationPortrait UIInterfaceOrientationLandscapeLeft UIInterfaceOrientationLandscapeRight";
				LD_RUNPATH_SEARCH_PATHS = (
					"$(inherited)",
					"@executable_path/Frameworks",
				);
				MARKETING_VERSION = 1.0;
				PRODUCT_BUNDLE_IDENTIFIER = min.CreditCardList;
				PRODUCT_NAME = "$(TARGET_NAME)";
				SWIFT_EMIT_LOC_STRINGS = YES;
				SWIFT_VERSION = 5.0;
				TARGETED_DEVICE_FAMILY = "1,2";
			};
			name = Release;
		};
/* End XCBuildConfiguration section */

/* Begin XCConfigurationList section */
		2F51286228AD6A4900BFD4A2 /* Build configuration list for PBXProject "CreditCardList" */ = {
			isa = XCConfigurationList;
			buildConfigurations = (
				2F51287928AD6A4C00BFD4A2 /* Debug */,
				2F51287A28AD6A4C00BFD4A2 /* Release */,
			);
			defaultConfigurationIsVisible = 0;
			defaultConfigurationName = Release;
		};
		2F51287B28AD6A4C00BFD4A2 /* Build configuration list for PBXNativeTarget "CreditCardList" */ = {
			isa = XCConfigurationList;
			buildConfigurations = (
				2F51287C28AD6A4C00BFD4A2 /* Debug */,
				2F51287D28AD6A4C00BFD4A2 /* Release */,
			);
			defaultConfigurationIsVisible = 0;
			defaultConfigurationName = Release;
		};
/* End XCConfigurationList section */
	};
	rootObject = 2F51285F28AD6A4900BFD4A2 /* Project object */;
}
