// !$*UTF8*$!
{
	archiveVersion = 1;
	classes = {
	};
	objectVersion = 56;
	objects = {

/* Begin PBXBuildFile section */
		2F280E47297A6E1A0068C9E3 /* AppViewController.swift in Sources */ = {isa = PBXBuildFile; fileRef = 2F280E46297A6E1A0068C9E3 /* AppViewController.swift */; };
		2F280E4A297A76350068C9E3 /* FeatureSectionView.swift in Sources */ = {isa = PBXBuildFile; fileRef = 2F280E49297A76350068C9E3 /* FeatureSectionView.swift */; };
		2F280E4C297A7BAB0068C9E3 /* FeatureSectionCollectionViewCell.swift in Sources */ = {isa = PBXBuildFile; fileRef = 2F280E4B297A7BAB0068C9E3 /* FeatureSectionCollectionViewCell.swift */; };
		2F280E4E297A7FB20068C9E3 /* SeperatorView.swift in Sources */ = {isa = PBXBuildFile; fileRef = 2F280E4D297A7FB20068C9E3 /* SeperatorView.swift */; };
		2F280E50297A82310068C9E3 /* RankingFeatureSectionView.swift in Sources */ = {isa = PBXBuildFile; fileRef = 2F280E4F297A82310068C9E3 /* RankingFeatureSectionView.swift */; };
		2F280E52297D02FB0068C9E3 /* RankingCollectionViewCell.swift in Sources */ = {isa = PBXBuildFile; fileRef = 2F280E51297D02FB0068C9E3 /* RankingCollectionViewCell.swift */; };
		2F280E54297D08A00068C9E3 /* ExchangeCodeButtonView.swift in Sources */ = {isa = PBXBuildFile; fileRef = 2F280E53297D08A00068C9E3 /* ExchangeCodeButtonView.swift */; };
		2F73F71129725DEA0044C8D8 /* TodayCollectionViewCell.swift in Sources */ = {isa = PBXBuildFile; fileRef = 2F73F71029725DEA0044C8D8 /* TodayCollectionViewCell.swift */; };
		2F73F713297264790044C8D8 /* TodayCollectionHeaderView.swift in Sources */ = {isa = PBXBuildFile; fileRef = 2F73F712297264790044C8D8 /* TodayCollectionHeaderView.swift */; };
		2FD54A4F29375AD500308FC1 /* AppDelegate.swift in Sources */ = {isa = PBXBuildFile; fileRef = 2FD54A4E29375AD500308FC1 /* AppDelegate.swift */; };
		2FD54A5129375AD500308FC1 /* SceneDelegate.swift in Sources */ = {isa = PBXBuildFile; fileRef = 2FD54A5029375AD500308FC1 /* SceneDelegate.swift */; };
		2FD54A5329375AD500308FC1 /* TabBarController.swift in Sources */ = {isa = PBXBuildFile; fileRef = 2FD54A5229375AD500308FC1 /* TabBarController.swift */; };
		2FD54A5829375AD600308FC1 /* Assets.xcassets in Resources */ = {isa = PBXBuildFile; fileRef = 2FD54A5729375AD600308FC1 /* Assets.xcassets */; };
		2FD54A5B29375AD600308FC1 /* LaunchScreen.storyboard in Resources */ = {isa = PBXBuildFile; fileRef = 2FD54A5929375AD600308FC1 /* LaunchScreen.storyboard */; };
		2FD54A6429375C6200308FC1 /* SnapKit in Frameworks */ = {isa = PBXBuildFile; productRef = 2FD54A6329375C6200308FC1 /* SnapKit */; };
		2FD54A6729375D4F00308FC1 /* Kingfisher in Frameworks */ = {isa = PBXBuildFile; productRef = 2FD54A6629375D4F00308FC1 /* Kingfisher */; };
		2FD54A6B2937603600308FC1 /* TodayViewController.swift in Sources */ = {isa = PBXBuildFile; fileRef = 2FD54A6A2937603600308FC1 /* TodayViewController.swift */; };
/* End PBXBuildFile section */

/* Begin PBXFileReference section */
		2F280E46297A6E1A0068C9E3 /* AppViewController.swift */ = {isa = PBXFileReference; lastKnownFileType = sourcecode.swift; path = AppViewController.swift; sourceTree = "<group>"; };
		2F280E49297A76350068C9E3 /* FeatureSectionView.swift */ = {isa = PBXFileReference; lastKnownFileType = sourcecode.swift; path = FeatureSectionView.swift; sourceTree = "<group>"; };
		2F280E4B297A7BAB0068C9E3 /* FeatureSectionCollectionViewCell.swift */ = {isa = PBXFileReference; lastKnownFileType = sourcecode.swift; path = FeatureSectionCollectionViewCell.swift; sourceTree = "<group>"; };
		2F280E4D297A7FB20068C9E3 /* SeperatorView.swift */ = {isa = PBXFileReference; lastKnownFileType = sourcecode.swift; path = SeperatorView.swift; sourceTree = "<group>"; };
		2F280E4F297A82310068C9E3 /* RankingFeatureSectionView.swift */ = {isa = PBXFileReference; lastKnownFileType = sourcecode.swift; path = RankingFeatureSectionView.swift; sourceTree = "<group>"; };
		2F280E51297D02FB0068C9E3 /* RankingCollectionViewCell.swift */ = {isa = PBXFileReference; lastKnownFileType = sourcecode.swift; path = RankingCollectionViewCell.swift; sourceTree = "<group>"; };
		2F280E53297D08A00068C9E3 /* ExchangeCodeButtonView.swift */ = {isa = PBXFileReference; lastKnownFileType = sourcecode.swift; path = ExchangeCodeButtonView.swift; sourceTree = "<group>"; };
		2F73F71029725DEA0044C8D8 /* TodayCollectionViewCell.swift */ = {isa = PBXFileReference; lastKnownFileType = sourcecode.swift; path = TodayCollectionViewCell.swift; sourceTree = "<group>"; };
		2F73F712297264790044C8D8 /* TodayCollectionHeaderView.swift */ = {isa = PBXFileReference; lastKnownFileType = sourcecode.swift; path = TodayCollectionHeaderView.swift; sourceTree = "<group>"; };
		2FD54A4B29375AD500308FC1 /* AppStore.app */ = {isa = PBXFileReference; explicitFileType = wrapper.application; includeInIndex = 0; path = AppStore.app; sourceTree = BUILT_PRODUCTS_DIR; };
		2FD54A4E29375AD500308FC1 /* AppDelegate.swift */ = {isa = PBXFileReference; lastKnownFileType = sourcecode.swift; path = AppDelegate.swift; sourceTree = "<group>"; };
		2FD54A5029375AD500308FC1 /* SceneDelegate.swift */ = {isa = PBXFileReference; lastKnownFileType = sourcecode.swift; path = SceneDelegate.swift; sourceTree = "<group>"; };
		2FD54A5229375AD500308FC1 /* TabBarController.swift */ = {isa = PBXFileReference; lastKnownFileType = sourcecode.swift; path = TabBarController.swift; sourceTree = "<group>"; };
		2FD54A5729375AD600308FC1 /* Assets.xcassets */ = {isa = PBXFileReference; lastKnownFileType = folder.assetcatalog; path = Assets.xcassets; sourceTree = "<group>"; };
		2FD54A5A29375AD600308FC1 /* Base */ = {isa = PBXFileReference; lastKnownFileType = file.storyboard; name = Base; path = Base.lproj/LaunchScreen.storyboard; sourceTree = "<group>"; };
		2FD54A5C29375AD600308FC1 /* Info.plist */ = {isa = PBXFileReference; lastKnownFileType = text.plist.xml; path = Info.plist; sourceTree = "<group>"; };
		2FD54A6A2937603600308FC1 /* TodayViewController.swift */ = {isa = PBXFileReference; lastKnownFileType = sourcecode.swift; path = TodayViewController.swift; sourceTree = "<group>"; };
/* End PBXFileReference section */

/* Begin PBXFrameworksBuildPhase section */
		2FD54A4829375AD500308FC1 /* Frameworks */ = {
			isa = PBXFrameworksBuildPhase;
			buildActionMask = 2147483647;
			files = (
				2FD54A6729375D4F00308FC1 /* Kingfisher in Frameworks */,
				2FD54A6429375C6200308FC1 /* SnapKit in Frameworks */,
			);
			runOnlyForDeploymentPostprocessing = 0;
		};
/* End PBXFrameworksBuildPhase section */

/* Begin PBXGroup section */
		2F280E48297A6E200068C9E3 /* App */ = {
			isa = PBXGroup;
			children = (
				2F280E46297A6E1A0068C9E3 /* AppViewController.swift */,
				2F280E49297A76350068C9E3 /* FeatureSectionView.swift */,
				2F280E4B297A7BAB0068C9E3 /* FeatureSectionCollectionViewCell.swift */,
				2F280E4D297A7FB20068C9E3 /* SeperatorView.swift */,
				2F280E4F297A82310068C9E3 /* RankingFeatureSectionView.swift */,
				2F280E51297D02FB0068C9E3 /* RankingCollectionViewCell.swift */,
				2F280E53297D08A00068C9E3 /* ExchangeCodeButtonView.swift */,
			);
			path = App;
			sourceTree = "<group>";
		};
		2FD54A4229375AD500308FC1 = {
			isa = PBXGroup;
			children = (
				2FD54A4D29375AD500308FC1 /* AppStore */,
				2FD54A4C29375AD500308FC1 /* Products */,
			);
			sourceTree = "<group>";
		};
		2FD54A4C29375AD500308FC1 /* Products */ = {
			isa = PBXGroup;
			children = (
				2FD54A4B29375AD500308FC1 /* AppStore.app */,
			);
			name = Products;
			sourceTree = "<group>";
		};
		2FD54A4D29375AD500308FC1 /* AppStore */ = {
			isa = PBXGroup;
			children = (
				2FD54A4E29375AD500308FC1 /* AppDelegate.swift */,
				2FD54A5029375AD500308FC1 /* SceneDelegate.swift */,
				2FD54A682937601200308FC1 /* Scenes */,
				2FD54A5729375AD600308FC1 /* Assets.xcassets */,
				2FD54A5929375AD600308FC1 /* LaunchScreen.storyboard */,
				2FD54A5C29375AD600308FC1 /* Info.plist */,
			);
			path = AppStore;
			sourceTree = "<group>";
		};
		2FD54A682937601200308FC1 /* Scenes */ = {
			isa = PBXGroup;
			children = (
				2FD54A5229375AD500308FC1 /* TabBarController.swift */,
				2FD54A692937602500308FC1 /* Today */,
				2F280E48297A6E200068C9E3 /* App */,
			);
			path = Scenes;
			sourceTree = "<group>";
		};
		2FD54A692937602500308FC1 /* Today */ = {
			isa = PBXGroup;
			children = (
				2FD54A6A2937603600308FC1 /* TodayViewController.swift */,
				2F73F71029725DEA0044C8D8 /* TodayCollectionViewCell.swift */,
				2F73F712297264790044C8D8 /* TodayCollectionHeaderView.swift */,
			);
			path = Today;
			sourceTree = "<group>";
		};
/* End PBXGroup section */

/* Begin PBXNativeTarget section */
		2FD54A4A29375AD500308FC1 /* AppStore */ = {
			isa = PBXNativeTarget;
			buildConfigurationList = 2FD54A5F29375AD600308FC1 /* Build configuration list for PBXNativeTarget "AppStore" */;
			buildPhases = (
				2FD54A4729375AD500308FC1 /* Sources */,
				2FD54A4829375AD500308FC1 /* Frameworks */,
				2FD54A4929375AD500308FC1 /* Resources */,
			);
			buildRules = (
			);
			dependencies = (
			);
			name = AppStore;
			packageProductDependencies = (
				2FD54A6329375C6200308FC1 /* SnapKit */,
				2FD54A6629375D4F00308FC1 /* Kingfisher */,
			);
			productName = AppStore;
			productReference = 2FD54A4B29375AD500308FC1 /* AppStore.app */;
			productType = "com.apple.product-type.application";
		};
/* End PBXNativeTarget section */

/* Begin PBXProject section */
		2FD54A4329375AD500308FC1 /* Project object */ = {
			isa = PBXProject;
			attributes = {
				BuildIndependentTargetsInParallel = 1;
				LastSwiftUpdateCheck = 1410;
				LastUpgradeCheck = 1410;
				TargetAttributes = {
					2FD54A4A29375AD500308FC1 = {
						CreatedOnToolsVersion = 14.1;
					};
				};
			};
			buildConfigurationList = 2FD54A4629375AD500308FC1 /* Build configuration list for PBXProject "AppStore" */;
			compatibilityVersion = "Xcode 14.0";
			developmentRegion = en;
			hasScannedForEncodings = 0;
			knownRegions = (
				en,
				Base,
			);
			mainGroup = 2FD54A4229375AD500308FC1;
			packageReferences = (
				2FD54A6229375C6200308FC1 /* XCRemoteSwiftPackageReference "SnapKit" */,
				2FD54A6529375D4F00308FC1 /* XCRemoteSwiftPackageReference "Kingfisher" */,
			);
			productRefGroup = 2FD54A4C29375AD500308FC1 /* Products */;
			projectDirPath = "";
			projectRoot = "";
			targets = (
				2FD54A4A29375AD500308FC1 /* AppStore */,
			);
		};
/* End PBXProject section */

/* Begin PBXResourcesBuildPhase section */
		2FD54A4929375AD500308FC1 /* Resources */ = {
			isa = PBXResourcesBuildPhase;
			buildActionMask = 2147483647;
			files = (
				2FD54A5B29375AD600308FC1 /* LaunchScreen.storyboard in Resources */,
				2FD54A5829375AD600308FC1 /* Assets.xcassets in Resources */,
			);
			runOnlyForDeploymentPostprocessing = 0;
		};
/* End PBXResourcesBuildPhase section */

/* Begin PBXSourcesBuildPhase section */
		2FD54A4729375AD500308FC1 /* Sources */ = {
			isa = PBXSourcesBuildPhase;
			buildActionMask = 2147483647;
			files = (
				2FD54A6B2937603600308FC1 /* TodayViewController.swift in Sources */,
				2FD54A5329375AD500308FC1 /* TabBarController.swift in Sources */,
				2F280E54297D08A00068C9E3 /* ExchangeCodeButtonView.swift in Sources */,
				2FD54A4F29375AD500308FC1 /* AppDelegate.swift in Sources */,
				2F73F713297264790044C8D8 /* TodayCollectionHeaderView.swift in Sources */,
				2F280E47297A6E1A0068C9E3 /* AppViewController.swift in Sources */,
				2F280E4C297A7BAB0068C9E3 /* FeatureSectionCollectionViewCell.swift in Sources */,
				2FD54A5129375AD500308FC1 /* SceneDelegate.swift in Sources */,
				2F73F71129725DEA0044C8D8 /* TodayCollectionViewCell.swift in Sources */,
				2F280E4A297A76350068C9E3 /* FeatureSectionView.swift in Sources */,
				2F280E52297D02FB0068C9E3 /* RankingCollectionViewCell.swift in Sources */,
				2F280E4E297A7FB20068C9E3 /* SeperatorView.swift in Sources */,
				2F280E50297A82310068C9E3 /* RankingFeatureSectionView.swift in Sources */,
			);
			runOnlyForDeploymentPostprocessing = 0;
		};
/* End PBXSourcesBuildPhase section */

/* Begin PBXVariantGroup section */
		2FD54A5929375AD600308FC1 /* LaunchScreen.storyboard */ = {
			isa = PBXVariantGroup;
			children = (
				2FD54A5A29375AD600308FC1 /* Base */,
			);
			name = LaunchScreen.storyboard;
			sourceTree = "<group>";
		};
/* End PBXVariantGroup section */

/* Begin XCBuildConfiguration section */
		2FD54A5D29375AD600308FC1 /* Debug */ = {
			isa = XCBuildConfiguration;
			buildSettings = {
				ALWAYS_SEARCH_USER_PATHS = NO;
				CLANG_ANALYZER_NONNULL = YES;
				CLANG_ANALYZER_NUMBER_OBJECT_CONVERSION = YES_AGGRESSIVE;
				CLANG_CXX_LANGUAGE_STANDARD = "gnu++20";
				CLANG_ENABLE_MODULES = YES;
				CLANG_ENABLE_OBJC_ARC = YES;
				CLANG_ENABLE_OBJC_WEAK = YES;
				CLANG_WARN_BLOCK_CAPTURE_AUTORELEASING = YES;
				CLANG_WARN_BOOL_CONVERSION = YES;
				CLANG_WARN_COMMA = YES;
				CLANG_WARN_CONSTANT_CONVERSION = YES;
				CLANG_WARN_DEPRECATED_OBJC_IMPLEMENTATIONS = YES;
				CLANG_WARN_DIRECT_OBJC_ISA_USAGE = YES_ERROR;
				CLANG_WARN_DOCUMENTATION_COMMENTS = YES;
				CLANG_WARN_EMPTY_BODY = YES;
				CLANG_WARN_ENUM_CONVERSION = YES;
				CLANG_WARN_INFINITE_RECURSION = YES;
				CLANG_WARN_INT_CONVERSION = YES;
				CLANG_WARN_NON_LITERAL_NULL_CONVERSION = YES;
				CLANG_WARN_OBJC_IMPLICIT_RETAIN_SELF = YES;
				CLANG_WARN_OBJC_LITERAL_CONVERSION = YES;
				CLANG_WARN_OBJC_ROOT_CLASS = YES_ERROR;
				CLANG_WARN_QUOTED_INCLUDE_IN_FRAMEWORK_HEADER = YES;
				CLANG_WARN_RANGE_LOOP_ANALYSIS = YES;
				CLANG_WARN_STRICT_PROTOTYPES = YES;
				CLANG_WARN_SUSPICIOUS_MOVE = YES;
				CLANG_WARN_UNGUARDED_AVAILABILITY = YES_AGGRESSIVE;
				CLANG_WARN_UNREACHABLE_CODE = YES;
				CLANG_WARN__DUPLICATE_METHOD_MATCH = YES;
				COPY_PHASE_STRIP = NO;
				DEBUG_INFORMATION_FORMAT = dwarf;
				ENABLE_STRICT_OBJC_MSGSEND = YES;
				ENABLE_TESTABILITY = YES;
				GCC_C_LANGUAGE_STANDARD = gnu11;
				GCC_DYNAMIC_NO_PIC = NO;
				GCC_NO_COMMON_BLOCKS = YES;
				GCC_OPTIMIZATION_LEVEL = 0;
				GCC_PREPROCESSOR_DEFINITIONS = (
					"DEBUG=1",
					"$(inherited)",
				);
				GCC_WARN_64_TO_32_BIT_CONVERSION = YES;
				GCC_WARN_ABOUT_RETURN_TYPE = YES_ERROR;
				GCC_WARN_UNDECLARED_SELECTOR = YES;
				GCC_WARN_UNINITIALIZED_AUTOS = YES_AGGRESSIVE;
				GCC_WARN_UNUSED_FUNCTION = YES;
				GCC_WARN_UNUSED_VARIABLE = YES;
				IPHONEOS_DEPLOYMENT_TARGET = 16.1;
				MTL_ENABLE_DEBUG_INFO = INCLUDE_SOURCE;
				MTL_FAST_MATH = YES;
				ONLY_ACTIVE_ARCH = YES;
				SDKROOT = iphoneos;
				SWIFT_ACTIVE_COMPILATION_CONDITIONS = DEBUG;
				SWIFT_OPTIMIZATION_LEVEL = "-Onone";
			};
			name = Debug;
		};
		2FD54A5E29375AD600308FC1 /* Release */ = {
			isa = XCBuildConfiguration;
			buildSettings = {
				ALWAYS_SEARCH_USER_PATHS = NO;
				CLANG_ANALYZER_NONNULL = YES;
				CLANG_ANALYZER_NUMBER_OBJECT_CONVERSION = YES_AGGRESSIVE;
				CLANG_CXX_LANGUAGE_STANDARD = "gnu++20";
				CLANG_ENABLE_MODULES = YES;
				CLANG_ENABLE_OBJC_ARC = YES;
				CLANG_ENABLE_OBJC_WEAK = YES;
				CLANG_WARN_BLOCK_CAPTURE_AUTORELEASING = YES;
				CLANG_WARN_BOOL_CONVERSION = YES;
				CLANG_WARN_COMMA = YES;
				CLANG_WARN_CONSTANT_CONVERSION = YES;
				CLANG_WARN_DEPRECATED_OBJC_IMPLEMENTATIONS = YES;
				CLANG_WARN_DIRECT_OBJC_ISA_USAGE = YES_ERROR;
				CLANG_WARN_DOCUMENTATION_COMMENTS = YES;
				CLANG_WARN_EMPTY_BODY = YES;
				CLANG_WARN_ENUM_CONVERSION = YES;
				CLANG_WARN_INFINITE_RECURSION = YES;
				CLANG_WARN_INT_CONVERSION = YES;
				CLANG_WARN_NON_LITERAL_NULL_CONVERSION = YES;
				CLANG_WARN_OBJC_IMPLICIT_RETAIN_SELF = YES;
				CLANG_WARN_OBJC_LITERAL_CONVERSION = YES;
				CLANG_WARN_OBJC_ROOT_CLASS = YES_ERROR;
				CLANG_WARN_QUOTED_INCLUDE_IN_FRAMEWORK_HEADER = YES;
				CLANG_WARN_RANGE_LOOP_ANALYSIS = YES;
				CLANG_WARN_STRICT_PROTOTYPES = YES;
				CLANG_WARN_SUSPICIOUS_MOVE = YES;
				CLANG_WARN_UNGUARDED_AVAILABILITY = YES_AGGRESSIVE;
				CLANG_WARN_UNREACHABLE_CODE = YES;
				CLANG_WARN__DUPLICATE_METHOD_MATCH = YES;
				COPY_PHASE_STRIP = NO;
				DEBUG_INFORMATION_FORMAT = "dwarf-with-dsym";
				ENABLE_NS_ASSERTIONS = NO;
				ENABLE_STRICT_OBJC_MSGSEND = YES;
				GCC_C_LANGUAGE_STANDARD = gnu11;
				GCC_NO_COMMON_BLOCKS = YES;
				GCC_WARN_64_TO_32_BIT_CONVERSION = YES;
				GCC_WARN_ABOUT_RETURN_TYPE = YES_ERROR;
				GCC_WARN_UNDECLARED_SELECTOR = YES;
				GCC_WARN_UNINITIALIZED_AUTOS = YES_AGGRESSIVE;
				GCC_WARN_UNUSED_FUNCTION = YES;
				GCC_WARN_UNUSED_VARIABLE = YES;
				IPHONEOS_DEPLOYMENT_TARGET = 16.1;
				MTL_ENABLE_DEBUG_INFO = NO;
				MTL_FAST_MATH = YES;
				SDKROOT = iphoneos;
				SWIFT_COMPILATION_MODE = wholemodule;
				SWIFT_OPTIMIZATION_LEVEL = "-O";
				VALIDATE_PRODUCT = YES;
			};
			name = Release;
		};
		2FD54A6029375AD600308FC1 /* Debug */ = {
			isa = XCBuildConfiguration;
			buildSettings = {
				ASSETCATALOG_COMPILER_APPICON_NAME = AppIcon;
				ASSETCATALOG_COMPILER_GLOBAL_ACCENT_COLOR_NAME = AccentColor;
				CODE_SIGN_STYLE = Automatic;
				CURRENT_PROJECT_VERSION = 1;
				DEVELOPMENT_TEAM = N7LNF63AFJ;
				GENERATE_INFOPLIST_FILE = YES;
				INFOPLIST_FILE = AppStore/Info.plist;
				INFOPLIST_KEY_UIApplicationSupportsIndirectInputEvents = YES;
				INFOPLIST_KEY_UILaunchStoryboardName = LaunchScreen;
				INFOPLIST_KEY_UISupportedInterfaceOrientations_iPad = "UIInterfaceOrientationPortrait UIInterfaceOrientationPortraitUpsideDown UIInterfaceOrientationLandscapeLeft UIInterfaceOrientationLandscapeRight";
				INFOPLIST_KEY_UISupportedInterfaceOrientations_iPhone = "UIInterfaceOrientationPortrait UIInterfaceOrientationLandscapeLeft UIInterfaceOrientationLandscapeRight";
				LD_RUNPATH_SEARCH_PATHS = (
					"$(inherited)",
					"@executable_path/Frameworks",
				);
				MARKETING_VERSION = 1.0;
				PRODUCT_BUNDLE_IDENTIFIER = min.AppStore;
				PRODUCT_NAME = "$(TARGET_NAME)";
				SWIFT_EMIT_LOC_STRINGS = YES;
				SWIFT_VERSION = 5.0;
				TARGETED_DEVICE_FAMILY = "1,2";
			};
			name = Debug;
		};
		2FD54A6129375AD600308FC1 /* Release */ = {
			isa = XCBuildConfiguration;
			buildSettings = {
				ASSETCATALOG_COMPILER_APPICON_NAME = AppIcon;
				ASSETCATALOG_COMPILER_GLOBAL_ACCENT_COLOR_NAME = AccentColor;
				CODE_SIGN_STYLE = Automatic;
				CURRENT_PROJECT_VERSION = 1;
				DEVELOPMENT_TEAM = N7LNF63AFJ;
				GENERATE_INFOPLIST_FILE = YES;
				INFOPLIST_FILE = AppStore/Info.plist;
				INFOPLIST_KEY_UIApplicationSupportsIndirectInputEvents = YES;
				INFOPLIST_KEY_UILaunchStoryboardName = LaunchScreen;
				INFOPLIST_KEY_UISupportedInterfaceOrientations_iPad = "UIInterfaceOrientationPortrait UIInterfaceOrientationPortraitUpsideDown UIInterfaceOrientationLandscapeLeft UIInterfaceOrientationLandscapeRight";
				INFOPLIST_KEY_UISupportedInterfaceOrientations_iPhone = "UIInterfaceOrientationPortrait UIInterfaceOrientationLandscapeLeft UIInterfaceOrientationLandscapeRight";
				LD_RUNPATH_SEARCH_PATHS = (
					"$(inherited)",
					"@executable_path/Frameworks",
				);
				MARKETING_VERSION = 1.0;
				PRODUCT_BUNDLE_IDENTIFIER = min.AppStore;
				PRODUCT_NAME = "$(TARGET_NAME)";
				SWIFT_EMIT_LOC_STRINGS = YES;
				SWIFT_VERSION = 5.0;
				TARGETED_DEVICE_FAMILY = "1,2";
			};
			name = Release;
		};
/* End XCBuildConfiguration section */

/* Begin XCConfigurationList section */
		2FD54A4629375AD500308FC1 /* Build configuration list for PBXProject "AppStore" */ = {
			isa = XCConfigurationList;
			buildConfigurations = (
				2FD54A5D29375AD600308FC1 /* Debug */,
				2FD54A5E29375AD600308FC1 /* Release */,
			);
			defaultConfigurationIsVisible = 0;
			defaultConfigurationName = Release;
		};
		2FD54A5F29375AD600308FC1 /* Build configuration list for PBXNativeTarget "AppStore" */ = {
			isa = XCConfigurationList;
			buildConfigurations = (
				2FD54A6029375AD600308FC1 /* Debug */,
				2FD54A6129375AD600308FC1 /* Release */,
			);
			defaultConfigurationIsVisible = 0;
			defaultConfigurationName = Release;
		};
/* End XCConfigurationList section */

/* Begin XCRemoteSwiftPackageReference section */
		2FD54A6229375C6200308FC1 /* XCRemoteSwiftPackageReference "SnapKit" */ = {
			isa = XCRemoteSwiftPackageReference;
			repositoryURL = "https://github.com/SnapKit/SnapKit";
			requirement = {
				branch = develop;
				kind = branch;
			};
		};
		2FD54A6529375D4F00308FC1 /* XCRemoteSwiftPackageReference "Kingfisher" */ = {
			isa = XCRemoteSwiftPackageReference;
			repositoryURL = "https://github.com/onevcat/Kingfisher.git";
			requirement = {
				kind = upToNextMajorVersion;
				minimumVersion = 7.0.0;
			};
		};
/* End XCRemoteSwiftPackageReference section */

/* Begin XCSwiftPackageProductDependency section */
		2FD54A6329375C6200308FC1 /* SnapKit */ = {
			isa = XCSwiftPackageProductDependency;
			package = 2FD54A6229375C6200308FC1 /* XCRemoteSwiftPackageReference "SnapKit" */;
			productName = SnapKit;
		};
		2FD54A6629375D4F00308FC1 /* Kingfisher */ = {
			isa = XCSwiftPackageProductDependency;
			package = 2FD54A6529375D4F00308FC1 /* XCRemoteSwiftPackageReference "Kingfisher" */;
			productName = Kingfisher;
		};
/* End XCSwiftPackageProductDependency section */
	};
	rootObject = 2FD54A4329375AD500308FC1 /* Project object */;
}
